
Microsoft Visual Studio Solution File, Format Version 12.00
# Visual Studio Version 16
VisualStudioVersion = 16.0.29215.179
MinimumVisualStudioVersion = 10.0.40219.1
Project("{FAE04EC0-301F-11D3-BF4B-00C04F79EFBC}") = "CsFamOne", "CsFamOne\CsFamOne.csproj", "{7D5BDBE5-5868-4205-99EA-EDF7CBFA1F14}"
EndProject
Global
	GlobalSection(SolutionConfigurationPlatforms) = preSolution
		Debug|Any CPU = Debug|Any CPU
		Release|Any CPU = Release|Any CPU
	EndGlobalSection
	GlobalSection(ProjectConfigurationPlatforms) = postSolution
		{7D5BDBE5-5868-4205-99EA-EDF7CBFA1F14}.Debug|Any CPU.ActiveCfg = Debug|Any CPU
		{7D5BDBE5-5868-4205-99EA-EDF7CBFA1F14}.Debug|Any CPU.Build.0 = Debug|Any CPU
		{7D5BDBE5-5868-4205-99EA-EDF7CBFA1F14}.Release|Any CPU.ActiveCfg = Release|Any CPU
		{7D5BDBE5-5868-4205-99EA-EDF7CBFA1F14}.Release|Any CPU.Build.0 = Release|Any CPU
	EndGlobalSection
	GlobalSection(SolutionProperties) = preSolution
		HideSolutionNode = FALSE
	EndGlobalSection
	GlobalSection(ExtensibilityGlobals) = postSolution
		SolutionGuid = {1C39A903-A185-4604-81B6-275686B12E64}
	EndGlobalSection
EndGlobal
